// !$*UTF8*$!
{
	archiveVersion = 1;
	classes = {
	};
	objectVersion = 50;
	objects = {

/* Begin PBXBuildFile section */
		C87035FF2504BFFD00B47EC5 /* AppDelegate.swift in Sources */ = {isa = PBXBuildFile; fileRef = C87035FE2504BFFD00B47EC5 /* AppDelegate.swift */; };
		C87036012504BFFD00B47EC5 /* SceneDelegate.swift in Sources */ = {isa = PBXBuildFile; fileRef = C87036002504BFFD00B47EC5 /* SceneDelegate.swift */; };
		C87036032504BFFD00B47EC5 /* ContentView.swift in Sources */ = {isa = PBXBuildFile; fileRef = C87036022504BFFD00B47EC5 /* ContentView.swift */; };
		C87036052504BFFE00B47EC5 /* Assets.xcassets in Resources */ = {isa = PBXBuildFile; fileRef = C87036042504BFFE00B47EC5 /* Assets.xcassets */; };
		C87036082504BFFE00B47EC5 /* Preview Assets.xcassets in Resources */ = {isa = PBXBuildFile; fileRef = C87036072504BFFE00B47EC5 /* Preview Assets.xcassets */; };
		C870360B2504BFFE00B47EC5 /* LaunchScreen.storyboard in Resources */ = {isa = PBXBuildFile; fileRef = C87036092504BFFE00B47EC5 /* LaunchScreen.storyboard */; };
		C87036132504C25C00B47EC5 /* TaskFiles.swift in Sources */ = {isa = PBXBuildFile; fileRef = C87036122504C25C00B47EC5 /* TaskFiles.swift */; };
/* End PBXBuildFile section */

/* Begin PBXFileReference section */
		C87035FB2504BFFD00B47EC5 /* ListViewApp.app */ = {isa = PBXFileReference; explicitFileType = wrapper.application; includeInIndex = 0; path = ListViewApp.app; sourceTree = BUILT_PRODUCTS_DIR; };
		C87035FE2504BFFD00B47EC5 /* AppDelegate.swift */ = {isa = PBXFileReference; lastKnownFileType = sourcecode.swift; path = AppDelegate.swift; sourceTree = "<group>"; };
		C87036002504BFFD00B47EC5 /* SceneDelegate.swift */ = {isa = PBXFileReference; lastKnownFileType = sourcecode.swift; path = SceneDelegate.swift; sourceTree = "<group>"; };
		C87036022504BFFD00B47EC5 /* ContentView.swift */ = {isa = PBXFileReference; lastKnownFileType = sourcecode.swift; path = ContentView.swift; sourceTree = "<group>"; };
		C87036042504BFFE00B47EC5 /* Assets.xcassets */ = {isa = PBXFileReference; lastKnownFileType = folder.assetcatalog; path = Assets.xcassets; sourceTree = "<group>"; };
		C87036072504BFFE00B47EC5 /* Preview Assets.xcassets */ = {isa = PBXFileReference; lastKnownFileType = folder.assetcatalog; path = "Preview Assets.xcassets"; sourceTree = "<group>"; };
		C870360A2504BFFE00B47EC5 /* Base */ = {isa = PBXFileReference; lastKnownFileType = file.storyboard; name = Base; path = Base.lproj/LaunchScreen.storyboard; sourceTree = "<group>"; };
		C870360C2504BFFE00B47EC5 /* Info.plist */ = {isa = PBXFileReference; lastKnownFileType = text.plist.xml; path = Info.plist; sourceTree = "<group>"; };
		C87036122504C25C00B47EC5 /* TaskFiles.swift */ = {isa = PBXFileReference; lastKnownFileType = sourcecode.swift; path = TaskFiles.swift; sourceTree = "<group>"; };
/* End PBXFileReference section */

/* Begin PBXFrameworksBuildPhase section */
		C87035F82504BFFD00B47EC5 /* Frameworks */ = {
			isa = PBXFrameworksBuildPhase;
			buildActionMask = 2147483647;
			files = (
			);
			runOnlyForDeploymentPostprocessing = 0;
		};
/* End PBXFrameworksBuildPhase section */

/* Begin PBXGroup section */
		C87035F22504BFFD00B47EC5 = {
			isa = PBXGroup;
			children = (
				C87035FD2504BFFD00B47EC5 /* ListViewApp */,
				C87035FC2504BFFD00B47EC5 /* Products */,
			);
			sourceTree = "<group>";
		};
		C87035FC2504BFFD00B47EC5 /* Products */ = {
			isa = PBXGroup;
			children = (
				C87035FB2504BFFD00B47EC5 /* ListViewApp.app */,
			);
			name = Products;
			sourceTree = "<group>";
		};
		C87035FD2504BFFD00B47EC5 /* ListViewApp */ = {
			isa = PBXGroup;
			children = (
				C87035FE2504BFFD00B47EC5 /* AppDelegate.swift */,
				C87036002504BFFD00B47EC5 /* SceneDelegate.swift */,
				C87036022504BFFD00B47EC5 /* ContentView.swift */,
				C87036122504C25C00B47EC5 /* TaskFiles.swift */,
				C87036042504BFFE00B47EC5 /* Assets.xcassets */,
				C87036092504BFFE00B47EC5 /* LaunchScreen.storyboard */,
				C870360C2504BFFE00B47EC5 /* Info.plist */,
				C87036062504BFFE00B47EC5 /* Preview Content */,
			);
			path = ListViewApp;
			sourceTree = "<group>";
		};
		C87036062504BFFE00B47EC5 /* Preview Content */ = {
			isa = PBXGroup;
			children = (
				C87036072504BFFE00B47EC5 /* Preview Assets.xcassets */,
			);
			path = "Preview Content";
			sourceTree = "<group>";
		};
/* End PBXGroup section */

/* Begin PBXNativeTarget section */
		C87035FA2504BFFD00B47EC5 /* ListViewApp */ = {
			isa = PBXNativeTarget;
			buildConfigurationList = C870360F2504BFFE00B47EC5 /* Build configuration list for PBXNativeTarget "ListViewApp" */;
			buildPhases = (
				C87035F72504BFFD00B47EC5 /* Sources */,
				C87035F82504BFFD00B47EC5 /* Frameworks */,
				C87035F92504BFFD00B47EC5 /* Resources */,
			);
			buildRules = (
			);
			dependencies = (
			);
			name = ListViewApp;
			productName = ListViewApp;
			productReference = C87035FB2504BFFD00B47EC5 /* ListViewApp.app */;
			productType = "com.apple.product-type.application";
		};
/* End PBXNativeTarget section */

/* Begin PBXProject section */
		C87035F32504BFFD00B47EC5 /* Project object */ = {
			isa = PBXProject;
			attributes = {
				LastSwiftUpdateCheck = 1170;
				LastUpgradeCheck = 1170;
				ORGANIZATIONNAME = abetkma.com;
				TargetAttributes = {
					C87035FA2504BFFD00B47EC5 = {
						CreatedOnToolsVersion = 11.7;
					};
				};
			};
			buildConfigurationList = C87035F62504BFFD00B47EC5 /* Build configuration list for PBXProject "ListViewApp" */;
			compatibilityVersion = "Xcode 9.3";
			developmentRegion = en;
			hasScannedForEncodings = 0;
			knownRegions = (
				en,
				Base,
			);
			mainGroup = C87035F22504BFFD00B47EC5;
			productRefGroup = C87035FC2504BFFD00B47EC5 /* Products */;
			projectDirPath = "";
			projectRoot = "";
			targets = (
				C87035FA2504BFFD00B47EC5 /* ListViewApp */,
			);
		};
/* End PBXProject section */

/* Begin PBXResourcesBuildPhase section */
		C87035F92504BFFD00B47EC5 /* Resources */ = {
			isa = PBXResourcesBuildPhase;
			buildActionMask = 2147483647;
			files = (
				C870360B2504BFFE00B47EC5 /* LaunchScreen.storyboard in Resources */,
				C87036082504BFFE00B47EC5 /* Preview Assets.xcassets in Resources */,
				C87036052504BFFE00B47EC5 /* Assets.xcassets in Resources */,
			);
			runOnlyForDeploymentPostprocessing = 0;
		};
/* End PBXResourcesBuildPhase section */

/* Begin PBXSourcesBuildPhase section */
		C87035F72504BFFD00B47EC5 /* Sources */ = {
			isa = PBXSourcesBuildPhase;
			buildActionMask = 2147483647;
			files = (
				C87036132504C25C00B47EC5 /* TaskFiles.swift in Sources */,
				C87035FF2504BFFD00B47EC5 /* AppDelegate.swift in Sources */,
				C87036012504BFFD00B47EC5 /* SceneDelegate.swift in Sources */,
				C87036032504BFFD00B47EC5 /* ContentView.swift in Sources */,
			);
			runOnlyForDeploymentPostprocessing = 0;
		};
/* End PBXSourcesBuildPhase section */

/* Begin PBXVariantGroup section */
		C87036092504BFFE00B47EC5 /* LaunchScreen.storyboard */ = {
			isa = PBXVariantGroup;
			children = (
				C870360A2504BFFE00B47EC5 /* Base */,
			);
			name = LaunchScreen.storyboard;
			sourceTree = "<group>";
		};
/* End PBXVariantGroup section */

/* Begin XCBuildConfiguration section */
		C870360D2504BFFE00B47EC5 /* Debug */ = {
			isa = XCBuildConfiguration;
			buildSettings = {
				ALWAYS_SEARCH_USER_PATHS = NO;
				CLANG_ANALYZER_NONNULL = YES;
				CLANG_ANALYZER_NUMBER_OBJECT_CONVERSION = YES_AGGRESSIVE;
				CLANG_CXX_LANGUAGE_STANDARD = "gnu++14";
				CLANG_CXX_LIBRARY = "libc++";
				CLANG_ENABLE_MODULES = YES;
				CLANG_ENABLE_OBJC_ARC = YES;
				CLANG_ENABLE_OBJC_WEAK = YES;
				CLANG_WARN_BLOCK_CAPTURE_AUTORELEASING = YES;
				CLANG_WARN_BOOL_CONVERSION = YES;
				CLANG_WARN_COMMA = YES;
				CLANG_WARN_CONSTANT_CONVERSION = YES;
				CLANG_WARN_DEPRECATED_OBJC_IMPLEMENTATIONS = YES;
				CLANG_WARN_DIRECT_OBJC_ISA_USAGE = YES_ERROR;
				CLANG_WARN_DOCUMENTATION_COMMENTS = YES;
				CLANG_WARN_EMPTY_BODY = YES;
				CLANG_WARN_ENUM_CONVERSION = YES;
				CLANG_WARN_INFINITE_RECURSION = YES;
				CLANG_WARN_INT_CONVERSION = YES;
				CLANG_WARN_NON_LITERAL_NULL_CONVERSION = YES;
				CLANG_WARN_OBJC_IMPLICIT_RETAIN_SELF = YES;
				CLANG_WARN_OBJC_LITERAL_CONVERSION = YES;
				CLANG_WARN_OBJC_ROOT_CLASS = YES_ERROR;
				CLANG_WARN_RANGE_LOOP_ANALYSIS = YES;
				CLANG_WARN_STRICT_PROTOTYPES = YES;
				CLANG_WARN_SUSPICIOUS_MOVE = YES;
				CLANG_WARN_UNGUARDED_AVAILABILITY = YES_AGGRESSIVE;
				CLANG_WARN_UNREACHABLE_CODE = YES;
				CLANG_WARN__DUPLICATE_METHOD_MATCH = YES;
				COPY_PHASE_STRIP = NO;
				DEBUG_INFORMATION_FORMAT = dwarf;
				ENABLE_STRICT_OBJC_MSGSEND = YES;
				ENABLE_TESTABILITY = YES;
				GCC_C_LANGUAGE_STANDARD = gnu11;
				GCC_DYNAMIC_NO_PIC = NO;
				GCC_NO_COMMON_BLOCKS = YES;
				GCC_OPTIMIZATION_LEVEL = 0;
				GCC_PREPROCESSOR_DEFINITIONS = (
					"DEBUG=1",
					"$(inherited)",
				);
				GCC_WARN_64_TO_32_BIT_CONVERSION = YES;
				GCC_WARN_ABOUT_RETURN_TYPE = YES_ERROR;
				GCC_WARN_UNDECLARED_SELECTOR = YES;
				GCC_WARN_UNINITIALIZED_AUTOS = YES_AGGRESSIVE;
				GCC_WARN_UNUSED_FUNCTION = YES;
				GCC_WARN_UNUSED_VARIABLE = YES;
				IPHONEOS_DEPLOYMENT_TARGET = 13.7;
				MTL_ENABLE_DEBUG_INFO = INCLUDE_SOURCE;
				MTL_FAST_MATH = YES;
				ONLY_ACTIVE_ARCH = YES;
				SDKROOT = iphoneos;
				SWIFT_ACTIVE_COMPILATION_CONDITIONS = DEBUG;
				SWIFT_OPTIMIZATION_LEVEL = "-Onone";
			};
			name = Debug;
		};
		C870360E2504BFFE00B47EC5 /* Release */ = {
			isa = XCBuildConfiguration;
			buildSettings = {
				ALWAYS_SEARCH_USER_PATHS = NO;
				CLANG_ANALYZER_NONNULL = YES;
				CLANG_ANALYZER_NUMBER_OBJECT_CONVERSION = YES_AGGRESSIVE;
				CLANG_CXX_LANGUAGE_STANDARD = "gnu++14";
				CLANG_CXX_LIBRARY = "libc++";
				CLANG_ENABLE_MODULES = YES;
				CLANG_ENABLE_OBJC_ARC = YES;
				CLANG_ENABLE_OBJC_WEAK = YES;
				CLANG_WARN_BLOCK_CAPTURE_AUTORELEASING = YES;
				CLANG_WARN_BOOL_CONVERSION = YES;
				CLANG_WARN_COMMA = YES;
				CLANG_WARN_CONSTANT_CONVERSION = YES;
				CLANG_WARN_DEPRECATED_OBJC_IMPLEMENTATIONS = YES;
				CLANG_WARN_DIRECT_OBJC_ISA_USAGE = YES_ERROR;
				CLANG_WARN_DOCUMENTATION_COMMENTS = YES;
				CLANG_WARN_EMPTY_BODY = YES;
				CLANG_WARN_ENUM_CONVERSION = YES;
				CLANG_WARN_INFINITE_RECURSION = YES;
				CLANG_WARN_INT_CONVERSION = YES;
				CLANG_WARN_NON_LITERAL_NULL_CONVERSION = YES;
				CLANG_WARN_OBJC_IMPLICIT_RETAIN_SELF = YES;
				CLANG_WARN_OBJC_LITERAL_CONVERSION = YES;
				CLANG_WARN_OBJC_ROOT_CLASS = YES_ERROR;
				CLANG_WARN_RANGE_LOOP_ANALYSIS = YES;
				CLANG_WARN_STRICT_PROTOTYPES = YES;
				CLANG_WARN_SUSPICIOUS_MOVE = YES;
				CLANG_WARN_UNGUARDED_AVAILABILITY = YES_AGGRESSIVE;
				CLANG_WARN_UNREACHABLE_CODE = YES;
				CLANG_WARN__DUPLICATE_METHOD_MATCH = YES;
				COPY_PHASE_STRIP = NO;
				DEBUG_INFORMATION_FORMAT = "dwarf-with-dsym";
				ENABLE_NS_ASSERTIONS = NO;
				ENABLE_STRICT_OBJC_MSGSEND = YES;
				GCC_C_LANGUAGE_STANDARD = gnu11;
				GCC_NO_COMMON_BLOCKS = YES;
				GCC_WARN_64_TO_32_BIT_CONVERSION = YES;
				GCC_WARN_ABOUT_RETURN_TYPE = YES_ERROR;
				GCC_WARN_UNDECLARED_SELECTOR = YES;
				GCC_WARN_UNINITIALIZED_AUTOS = YES_AGGRESSIVE;
				GCC_WARN_UNUSED_FUNCTION = YES;
				GCC_WARN_UNUSED_VARIABLE = YES;
				IPHONEOS_DEPLOYMENT_TARGET = 13.7;
				MTL_ENABLE_DEBUG_INFO = NO;
				MTL_FAST_MATH = YES;
				SDKROOT = iphoneos;
				SWIFT_COMPILATION_MODE = wholemodule;
				SWIFT_OPTIMIZATION_LEVEL = "-O";
				VALIDATE_PRODUCT = YES;
			};
			name = Release;
		};
		C87036102504BFFE00B47EC5 /* Debug */ = {
			isa = XCBuildConfiguration;
			buildSettings = {
				ASSETCATALOG_COMPILER_APPICON_NAME = AppIcon;
				CODE_SIGN_STYLE = Automatic;
				DEVELOPMENT_ASSET_PATHS = "\"ListViewApp/Preview Content\"";
				DEVELOPMENT_TEAM = Q88HT25DHX;
				ENABLE_PREVIEWS = YES;
				INFOPLIST_FILE = ListViewApp/Info.plist;
				LD_RUNPATH_SEARCH_PATHS = (
					"$(inherited)",
					"@executable_path/Frameworks",
				);
				PRODUCT_BUNDLE_IDENTIFIER = com.abetkma.ListViewApp;
				PRODUCT_NAME = "$(TARGET_NAME)";
				SWIFT_VERSION = 5.0;
				TARGETED_DEVICE_FAMILY = "1,2";
			};
			name = Debug;
		};
		C87036112504BFFE00B47EC5 /* Release */ = {
			isa = XCBuildConfiguration;
			buildSettings = {
				ASSETCATALOG_COMPILER_APPICON_NAME = AppIcon;
				CODE_SIGN_STYLE = Automatic;
				DEVELOPMENT_ASSET_PATHS = "\"ListViewApp/Preview Content\"";
				DEVELOPMENT_TEAM = Q88HT25DHX;
				ENABLE_PREVIEWS = YES;
				INFOPLIST_FILE = ListViewApp/Info.plist;
				LD_RUNPATH_SEARCH_PATHS = (
					"$(inherited)",
					"@executable_path/Frameworks",
				);
				PRODUCT_BUNDLE_IDENTIFIER = com.abetkma.ListViewApp;
				PRODUCT_NAME = "$(TARGET_NAME)";
				SWIFT_VERSION = 5.0;
				TARGETED_DEVICE_FAMILY = "1,2";
			};
			name = Release;
		};
/* End XCBuildConfiguration section */

/* Begin XCConfigurationList section */
		C87035F62504BFFD00B47EC5 /* Build configuration list for PBXProject "ListViewApp" */ = {
			isa = XCConfigurationList;
			buildConfigurations = (
				C870360D2504BFFE00B47EC5 /* Debug */,
				C870360E2504BFFE00B47EC5 /* Release */,
			);
			defaultConfigurationIsVisible = 0;
			defaultConfigurationName = Release;
		};
		C870360F2504BFFE00B47EC5 /* Build configuration list for PBXNativeTarget "ListViewApp" */ = {
			isa = XCConfigurationList;
			buildConfigurations = (
				C87036102504BFFE00B47EC5 /* Debug */,
				C87036112504BFFE00B47EC5 /* Release */,
			);
			defaultConfigurationIsVisible = 0;
			defaultConfigurationName = Release;
		};
/* End XCConfigurationList section */
	};
	rootObject = C87035F32504BFFD00B47EC5 /* Project object */;
}
